
Microsoft Visual Studio Solution File, Format Version 12.00
# Visual Studio 14
VisualStudioVersion = 14.0.25420.1
MinimumVisualStudioVersion = 10.0.40219.1
Project("{FAE04EC0-301F-11D3-BF4B-00C04F79EFBC}") = "HelloWorld.ConsoleUI", "HelloWorld.ConsoleUI\HelloWorld.ConsoleUI.csproj", "{4C6C65B5-D3BB-4119-9576-D677EC49AB83}"
EndProject
Project("{FAE04EC0-301F-11D3-BF4B-00C04F79EFBC}") = "HelloWorld.Interfaces", "HelloWorld.ConsoleApp.Utilities\HelloWorld.Interfaces.csproj", "{29798DC0-2A0C-459F-BD05-F6BC43FA7E4C}"
EndProject
Project("{FAE04EC0-301F-11D3-BF4B-00C04F79EFBC}") = "HelloWorld.Utilities", "HelloWorld.Utilities\HelloWorld.Utilities.csproj", "{00E0FB01-5960-441D-AB76-A746CD2DED45}"
EndProject
Project("{FAE04EC0-301F-11D3-BF4B-00C04F79EFBC}") = "HelloWorld.Entities", "HelloWorld.Entities\HelloWorld.Entities.csproj", "{C2097765-F3BC-4EB3-8553-85BE8420C4B7}"
EndProject
Global
	GlobalSection(SolutionConfigurationPlatforms) = preSolution
		Debug|Any CPU = Debug|Any CPU
		Release|Any CPU = Release|Any CPU
	EndGlobalSection
	GlobalSection(ProjectConfigurationPlatforms) = postSolution
		{4C6C65B5-D3BB-4119-9576-D677EC49AB83}.Debug|Any CPU.ActiveCfg = Debug|Any CPU
		{4C6C65B5-D3BB-4119-9576-D677EC49AB83}.Debug|Any CPU.Build.0 = Debug|Any CPU
		{4C6C65B5-D3BB-4119-9576-D677EC49AB83}.Release|Any CPU.ActiveCfg = Release|Any CPU
		{4C6C65B5-D3BB-4119-9576-D677EC49AB83}.Release|Any CPU.Build.0 = Release|Any CPU
		{29798DC0-2A0C-459F-BD05-F6BC43FA7E4C}.Debug|Any CPU.ActiveCfg = Debug|Any CPU
		{29798DC0-2A0C-459F-BD05-F6BC43FA7E4C}.Debug|Any CPU.Build.0 = Debug|Any CPU
		{29798DC0-2A0C-459F-BD05-F6BC43FA7E4C}.Release|Any CPU.ActiveCfg = Release|Any CPU
		{29798DC0-2A0C-459F-BD05-F6BC43FA7E4C}.Release|Any CPU.Build.0 = Release|Any CPU
		{00E0FB01-5960-441D-AB76-A746CD2DED45}.Debug|Any CPU.ActiveCfg = Debug|Any CPU
		{00E0FB01-5960-441D-AB76-A746CD2DED45}.Debug|Any CPU.Build.0 = Debug|Any CPU
		{00E0FB01-5960-441D-AB76-A746CD2DED45}.Release|Any CPU.ActiveCfg = Release|Any CPU
		{00E0FB01-5960-441D-AB76-A746CD2DED45}.Release|Any CPU.Build.0 = Release|Any CPU
		{C2097765-F3BC-4EB3-8553-85BE8420C4B7}.Debug|Any CPU.ActiveCfg = Debug|Any CPU
		{C2097765-F3BC-4EB3-8553-85BE8420C4B7}.Debug|Any CPU.Build.0 = Debug|Any CPU
		{C2097765-F3BC-4EB3-8553-85BE8420C4B7}.Release|Any CPU.ActiveCfg = Release|Any CPU
		{C2097765-F3BC-4EB3-8553-85BE8420C4B7}.Release|Any CPU.Build.0 = Release|Any CPU
	EndGlobalSection
	GlobalSection(SolutionProperties) = preSolution
		HideSolutionNode = FALSE
	EndGlobalSection
EndGlobal
